{
  "lockfileVersion": 1,
  "configVersion": 1,
  "workspaces": {
    "": {
      "name": "bun-plugin-relay",
      "dependencies": {
        "cosmiconfig": "^9.0.1",
      },
      "devDependencies": {
        "@biomejs/biome": "^2.4.6",
        "@tsconfig/bun": "^1.0.10",
        "@tsconfig/strictest": "^2.0.8",
        "@types/bun": "^1.3.10",
      },
      "peerDependencies": {
        "graphql": "^16.13.1",
        "typescript": "^5",
      },
    },
  },
  "packages": {
    "@babel/code-frame": ["@babel/code-frame@7.29.0", "", { "dependencies": { "@babel/helper-validator-identifier": "^7.28.5", "js-tokens": "^4.0.0", "picocolors": "^1.1.1" } }, "sha512-9NhCeYjq9+3uxgdtp20LSiJXJvN0FeCtNGpJxuMFZ1Kv3cWUNb6DOhJwUvcVCzKGR66cw4njwM6hrJLqgOwbcw=="],

    "@babel/helper-validator-identifier": ["@babel/helper-validator-identifier@7.28.5", "", {}, "sha512-qSs4ifwzKJSV39ucNjsvc6WVHs6b7S03sOh2OcHF9UHfVPqWWALUsNUVzhSBiItjRZoLHx7nIarVjqKVusUZ1Q=="],

    "@biomejs/biome": ["@biomejs/biome@2.4.6", "", { "optionalDependencies": { "@biomejs/cli-darwin-arm64": "2.4.6", "@biomejs/cli-darwin-x64": "2.4.6", "@biomejs/cli-linux-arm64": "2.4.6", "@biomejs/cli-linux-arm64-musl": "2.4.6", "@biomejs/cli-linux-x64": "2.4.6", "@biomejs/cli-linux-x64-musl": "2.4.6", "@biomejs/cli-win32-arm64": "2.4.6", "@biomejs/cli-win32-x64": "2.4.6" }, "bin": { "biome": "bin/biome" } }, "sha512-QnHe81PMslpy3mnpL8DnO2M4S4ZnYPkjlGCLWBZT/3R9M6b5daArWMMtEfP52/n174RKnwRIf3oT8+wc9ihSfQ=="],

    "@biomejs/cli-darwin-arm64": ["@biomejs/cli-darwin-arm64@2.4.6", "", { "os": "darwin", "cpu": "arm64" }, "sha512-NW18GSyxr+8sJIqgoGwVp5Zqm4SALH4b4gftIA0n62PTuBs6G2tHlwNAOj0Vq0KKSs7Sf88VjjmHh0O36EnzrQ=="],

    "@biomejs/cli-darwin-x64": ["@biomejs/cli-darwin-x64@2.4.6", "", { "os": "darwin", "cpu": "x64" }, "sha512-4uiE/9tuI7cnjtY9b07RgS7gGyYOAfIAGeVJWEfeCnAarOAS7qVmuRyX6d7JTKw28/mt+rUzMasYeZ+0R/U1Mw=="],

    "@biomejs/cli-linux-arm64": ["@biomejs/cli-linux-arm64@2.4.6", "", { "os": "linux", "cpu": "arm64" }, "sha512-kMLaI7OF5GN1Q8Doymjro1P8rVEoy7BKQALNz6fiR8IC1WKduoNyteBtJlHT7ASIL0Cx2jR6VUOBIbcB1B8pew=="],

    "@biomejs/cli-linux-arm64-musl": ["@biomejs/cli-linux-arm64-musl@2.4.6", "", { "os": "linux", "cpu": "arm64" }, "sha512-F/JdB7eN22txiTqHM5KhIVt0jVkzZwVYrdTR1O3Y4auBOQcXxHK4dxULf4z43QyZI5tsnQJrRBHZy7wwtL+B3A=="],

    "@biomejs/cli-linux-x64": ["@biomejs/cli-linux-x64@2.4.6", "", { "os": "linux", "cpu": "x64" }, "sha512-oHXmUFEoH8Lql1xfc3QkFLiC1hGR7qedv5eKNlC185or+o4/4HiaU7vYODAH3peRCfsuLr1g6v2fK9dFFOYdyw=="],

    "@biomejs/cli-linux-x64-musl": ["@biomejs/cli-linux-x64-musl@2.4.6", "", { "os": "linux", "cpu": "x64" }, "sha512-C9s98IPDu7DYarjlZNuzJKTjVHN03RUnmHV5htvqsx6vEUXCDSJ59DNwjKVD5XYoSS4N+BYhq3RTBAL8X6svEg=="],

    "@biomejs/cli-win32-arm64": ["@biomejs/cli-win32-arm64@2.4.6", "", { "os": "win32", "cpu": "arm64" }, "sha512-xzThn87Pf3YrOGTEODFGONmqXpTwUNxovQb72iaUOdcw8sBSY3+3WD8Hm9IhMYLnPi0n32s3L3NWU6+eSjfqFg=="],

    "@biomejs/cli-win32-x64": ["@biomejs/cli-win32-x64@2.4.6", "", { "os": "win32", "cpu": "x64" }, "sha512-7++XhnsPlr1HDbor5amovPjOH6vsrFOCdp93iKXhFn6bcMUI6soodj3WWKfgEO6JosKU1W5n3uky3WW9RlRjTg=="],

    "@tsconfig/bun": ["@tsconfig/bun@1.0.10", "", {}, "sha512-5AV5YknQjNyoYzZ/8NG0dawqew/wH+x7ANiCfCIn29qo0cdbd1EryvFD1k5NSZWLBMOI/fGqMIaxi58GPIP9Cg=="],

    "@tsconfig/strictest": ["@tsconfig/strictest@2.0.8", "", {}, "sha512-XnQ7vNz5HRN0r88GYf1J9JJjqtZPiHt2woGJOo2dYqyHGGcd6OLGqSlBB6p1j9mpzja6Oe5BoPqWmeDx6X9rLw=="],

    "@types/bun": ["@types/bun@1.3.10", "", { "dependencies": { "bun-types": "1.3.10" } }, "sha512-0+rlrUrOrTSskibryHbvQkDOWRJwJZqZlxrUs1u4oOoTln8+WIXBPmAuCF35SWB2z4Zl3E84Nl/D0P7803nigQ=="],

    "@types/node": ["@types/node@25.5.0", "", { "dependencies": { "undici-types": "~7.18.0" } }, "sha512-jp2P3tQMSxWugkCUKLRPVUpGaL5MVFwF8RDuSRztfwgN1wmqJeMSbKlnEtQqU8UrhTmzEmZdu2I6v2dpp7XIxw=="],

    "argparse": ["argparse@2.0.1", "", {}, "sha512-8+9WqebbFzpX9OR+Wa6O29asIogeRMzcGtAINdpMHHyAg10f05aSFVBbcEqGf/PXw1EjAZ+q2/bEBg3DvurK3Q=="],

    "bun-types": ["bun-types@1.3.10", "", { "dependencies": { "@types/node": "*" } }, "sha512-tcpfCCl6XWo6nCVnpcVrxQ+9AYN1iqMIzgrSKYMB/fjLtV2eyAVEg7AxQJuCq/26R6HpKWykQXuSOq/21RYcbg=="],

    "callsites": ["callsites@3.1.0", "", {}, "sha512-P8BjAsXvZS+VIDUI11hHCQEv74YT67YUi5JJFNWIqL235sBmjX4+qx9Muvls5ivyNENctx46xQLQ3aTuE7ssaQ=="],

    "cosmiconfig": ["cosmiconfig@9.0.1", "", { "dependencies": { "env-paths": "^2.2.1", "import-fresh": "^3.3.0", "js-yaml": "^4.1.0", "parse-json": "^5.2.0" }, "peerDependencies": { "typescript": ">=4.9.5" }, "optionalPeers": ["typescript"] }, "sha512-hr4ihw+DBqcvrsEDioRO31Z17x71pUYoNe/4h6Z0wB72p7MU7/9gH8Q3s12NFhHPfYBBOV3qyfUxmr/Yn3shnQ=="],

    "env-paths": ["env-paths@2.2.1", "", {}, "sha512-+h1lkLKhZMTYjog1VEpJNG7NZJWcuc2DDk/qsqSTRRCOXiLjeQ1d1/udrUGhqMxUgAlwKNZ0cf2uqan5GLuS2A=="],

    "error-ex": ["error-ex@1.3.4", "", { "dependencies": { "is-arrayish": "^0.2.1" } }, "sha512-sqQamAnR14VgCr1A618A3sGrygcpK+HEbenA/HiEAkkUwcZIIB/tgWqHFxWgOyDh4nB4JCRimh79dR5Ywc9MDQ=="],

    "graphql": ["graphql@16.13.1", "", {}, "sha512-gGgrVCoDKlIZ8fIqXBBb0pPKqDgki0Z/FSKNiQzSGj2uEYHr1tq5wmBegGwJx6QB5S5cM0khSBpi/JFHMCvsmQ=="],

    "import-fresh": ["import-fresh@3.3.1", "", { "dependencies": { "parent-module": "^1.0.0", "resolve-from": "^4.0.0" } }, "sha512-TR3KfrTZTYLPB6jUjfx6MF9WcWrHL9su5TObK4ZkYgBdWKPOFoSoQIdEuTuR82pmtxH2spWG9h6etwfr1pLBqQ=="],

    "is-arrayish": ["is-arrayish@0.2.1", "", {}, "sha512-zz06S8t0ozoDXMG+ube26zeCTNXcKIPJZJi8hBrF4idCLms4CG9QtK7qBl1boi5ODzFpjswb5JPmHCbMpjaYzg=="],

    "js-tokens": ["js-tokens@4.0.0", "", {}, "sha512-RdJUflcE3cUzKiMqQgsCu06FPu9UdIJO0beYbPhHN4k6apgJtifcoCtT9bcxOpYBtpD2kCM6Sbzg4CausW/PKQ=="],

    "js-yaml": ["js-yaml@4.1.1", "", { "dependencies": { "argparse": "^2.0.1" }, "bin": { "js-yaml": "bin/js-yaml.js" } }, "sha512-qQKT4zQxXl8lLwBtHMWwaTcGfFOZviOJet3Oy/xmGk2gZH677CJM9EvtfdSkgWcATZhj/55JZ0rmy3myCT5lsA=="],

    "json-parse-even-better-errors": ["json-parse-even-better-errors@2.3.1", "", {}, "sha512-xyFwyhro/JEof6Ghe2iz2NcXoj2sloNsWr/XsERDK/oiPCfaNhl5ONfp+jQdAZRQQ0IJWNzH9zIZF7li91kh2w=="],

    "lines-and-columns": ["lines-and-columns@1.2.4", "", {}, "sha512-7ylylesZQ/PV29jhEDl3Ufjo6ZX7gCqJr5F7PKrqc93v7fzSymt1BpwEU8nAUXs8qzzvqhbjhK5QZg6Mt/HkBg=="],

    "parent-module": ["parent-module@1.0.1", "", { "dependencies": { "callsites": "^3.0.0" } }, "sha512-GQ2EWRpQV8/o+Aw8YqtfZZPfNRWZYkbidE9k5rpl/hC3vtHHBfGm2Ifi6qWV+coDGkrUKZAxE3Lot5kcsRlh+g=="],

    "parse-json": ["parse-json@5.2.0", "", { "dependencies": { "@babel/code-frame": "^7.0.0", "error-ex": "^1.3.1", "json-parse-even-better-errors": "^2.3.0", "lines-and-columns": "^1.1.6" } }, "sha512-ayCKvm/phCGxOkYRSCM82iDwct8/EonSEgCSxWxD7ve6jHggsFl4fZVQBPRNgQoKiuV/odhFrGzQXZwbifC8Rg=="],

    "picocolors": ["picocolors@1.1.1", "", {}, "sha512-xceH2snhtb5M9liqDsmEw56le376mTZkEX/jEb/RxNFyegNul7eNslCXP9FDj/Lcu0X8KEyMceP2ntpaHrDEVA=="],

    "resolve-from": ["resolve-from@4.0.0", "", {}, "sha512-pb/MYmXstAkysRFx8piNI1tGFNQIFA3vkE3Gq4EuA1dF6gHp/+vgZqsCGJapvy8N3Q+4o7FwvquPJcnZ7RYy4g=="],

    "typescript": ["typescript@5.9.3", "", { "bin": { "tsc": "bin/tsc", "tsserver": "bin/tsserver" } }, "sha512-jl1vZzPDinLr9eUt3J/t7V6FgNEw9QjvBPdysz9KfQDD41fQrC2Y4vKQdiaUpFT4bXlb1RHhLpp8wtm6M5TgSw=="],

    "undici-types": ["undici-types@7.18.2", "", {}, "sha512-AsuCzffGHJybSaRrmr5eHr81mwJU3kjw6M+uprWvCXiNeN9SOGwQ3Jn8jb8m3Z6izVgknn1R0FTCEAP2QrLY/w=="],
  }
}
